
Microsoft Visual Studio Solution File, Format Version 12.00
# Visual Studio 14
VisualStudioVersion = 14.0.25123.0
MinimumVisualStudioVersion = 10.0.40219.1
Project("{FAE04EC0-301F-11D3-BF4B-00C04F79EFBC}") = "IIUWr", "IIUWr\IIUWr.csproj", "{B70AD852-B328-46A8-AEAF-6A24E4FEDD44}"
EndProject
Project("{2150E333-8FDC-42A3-9474-1A3956D46DE8}") = "Fereol", "Fereol", "{DBC3D6BE-7DF8-4935-B5F9-9165C0688BBA}"
EndProject
Project("{FAE04EC0-301F-11D3-BF4B-00C04F79EFBC}") = "Interface", "Fereol\Interface\Interface.csproj", "{97D0194C-87BC-4026-A58D-B94D959C540A}"
EndProject
Project("{FAE04EC0-301F-11D3-BF4B-00C04F79EFBC}") = "Model", "Fereol\Model\Model.csproj", "{3CA09B84-C4FE-44D3-9322-B39BA56F3271}"
EndProject
Project("{FAE04EC0-301F-11D3-BF4B-00C04F79EFBC}") = "UnitTests", "UnitTests\UnitTests.csproj", "{C0C815B1-2364-4920-AB74-8F3BCCE33A6C}"
EndProject
Project("{FAE04EC0-301F-11D3-BF4B-00C04F79EFBC}") = "HTMLParsing", "Fereol\HTMLParsing\HTMLParsing.csproj", "{335E1699-84F6-4323-BF14-5A672919AD4B}"
EndProject
Project("{FAE04EC0-301F-11D3-BF4B-00C04F79EFBC}") = "Common", "Fereol\Common\Common.csproj", "{164AB07E-F8D3-4A98-8471-18480B0C56B9}"
EndProject
Project("{FAE04EC0-301F-11D3-BF4B-00C04F79EFBC}") = "ViewModelInterfaces", "ViewModelInterfaces\ViewModelInterfaces.csproj", "{304363B6-D2C4-409F-8D53-855062C469FA}"
EndProject
Global
	GlobalSection(SolutionConfigurationPlatforms) = preSolution
		Debug|Any CPU = Debug|Any CPU
		Debug|ARM = Debug|ARM
		Debug|x64 = Debug|x64
		Debug|x86 = Debug|x86
		Release|Any CPU = Release|Any CPU
		Release|ARM = Release|ARM
		Release|x64 = Release|x64
		Release|x86 = Release|x86
	EndGlobalSection
	GlobalSection(ProjectConfigurationPlatforms) = postSolution
		{B70AD852-B328-46A8-AEAF-6A24E4FEDD44}.Debug|Any CPU.ActiveCfg = Debug|x86
		{B70AD852-B328-46A8-AEAF-6A24E4FEDD44}.Debug|Any CPU.Build.0 = Debug|x86
		{B70AD852-B328-46A8-AEAF-6A24E4FEDD44}.Debug|Any CPU.Deploy.0 = Debug|x86
		{B70AD852-B328-46A8-AEAF-6A24E4FEDD44}.Debug|ARM.ActiveCfg = Debug|ARM
		{B70AD852-B328-46A8-AEAF-6A24E4FEDD44}.Debug|ARM.Build.0 = Debug|ARM
		{B70AD852-B328-46A8-AEAF-6A24E4FEDD44}.Debug|ARM.Deploy.0 = Debug|ARM
		{B70AD852-B328-46A8-AEAF-6A24E4FEDD44}.Debug|x64.ActiveCfg = Debug|x64
		{B70AD852-B328-46A8-AEAF-6A24E4FEDD44}.Debug|x64.Build.0 = Debug|x64
		{B70AD852-B328-46A8-AEAF-6A24E4FEDD44}.Debug|x64.Deploy.0 = Debug|x64
		{B70AD852-B328-46A8-AEAF-6A24E4FEDD44}.Debug|x86.ActiveCfg = Debug|x86
		{B70AD852-B328-46A8-AEAF-6A24E4FEDD44}.Debug|x86.Build.0 = Debug|x86
		{B70AD852-B328-46A8-AEAF-6A24E4FEDD44}.Debug|x86.Deploy.0 = Debug|x86
		{B70AD852-B328-46A8-AEAF-6A24E4FEDD44}.Release|Any CPU.ActiveCfg = Release|x86
		{B70AD852-B328-46A8-AEAF-6A24E4FEDD44}.Release|Any CPU.Build.0 = Release|x86
		{B70AD852-B328-46A8-AEAF-6A24E4FEDD44}.Release|Any CPU.Deploy.0 = Release|x86
		{B70AD852-B328-46A8-AEAF-6A24E4FEDD44}.Release|ARM.ActiveCfg = Release|ARM
		{B70AD852-B328-46A8-AEAF-6A24E4FEDD44}.Release|ARM.Build.0 = Release|ARM
		{B70AD852-B328-46A8-AEAF-6A24E4FEDD44}.Release|ARM.Deploy.0 = Release|ARM
		{B70AD852-B328-46A8-AEAF-6A24E4FEDD44}.Release|x64.ActiveCfg = Release|x64
		{B70AD852-B328-46A8-AEAF-6A24E4FEDD44}.Release|x64.Build.0 = Release|x64
		{B70AD852-B328-46A8-AEAF-6A24E4FEDD44}.Release|x64.Deploy.0 = Release|x64
		{B70AD852-B328-46A8-AEAF-6A24E4FEDD44}.Release|x86.ActiveCfg = Release|x86
		{B70AD852-B328-46A8-AEAF-6A24E4FEDD44}.Release|x86.Build.0 = Release|x86
		{B70AD852-B328-46A8-AEAF-6A24E4FEDD44}.Release|x86.Deploy.0 = Release|x86
		{97D0194C-87BC-4026-A58D-B94D959C540A}.Debug|Any CPU.ActiveCfg = Debug|Any CPU
		{97D0194C-87BC-4026-A58D-B94D959C540A}.Debug|Any CPU.Build.0 = Debug|Any CPU
		{97D0194C-87BC-4026-A58D-B94D959C540A}.Debug|ARM.ActiveCfg = Debug|ARM
		{97D0194C-87BC-4026-A58D-B94D959C540A}.Debug|ARM.Build.0 = Debug|ARM
		{97D0194C-87BC-4026-A58D-B94D959C540A}.Debug|x64.ActiveCfg = Debug|x64
		{97D0194C-87BC-4026-A58D-B94D959C540A}.Debug|x64.Build.0 = Debug|x64
		{97D0194C-87BC-4026-A58D-B94D959C540A}.Debug|x86.ActiveCfg = Debug|x86
		{97D0194C-87BC-4026-A58D-B94D959C540A}.Debug|x86.Build.0 = Debug|x86
		{97D0194C-87BC-4026-A58D-B94D959C540A}.Release|Any CPU.ActiveCfg = Release|Any CPU
		{97D0194C-87BC-4026-A58D-B94D959C540A}.Release|Any CPU.Build.0 = Release|Any CPU
		{97D0194C-87BC-4026-A58D-B94D959C540A}.Release|ARM.ActiveCfg = Release|ARM
		{97D0194C-87BC-4026-A58D-B94D959C540A}.Release|ARM.Build.0 = Release|ARM
		{97D0194C-87BC-4026-A58D-B94D959C540A}.Release|x64.ActiveCfg = Release|x64
		{97D0194C-87BC-4026-A58D-B94D959C540A}.Release|x64.Build.0 = Release|x64
		{97D0194C-87BC-4026-A58D-B94D959C540A}.Release|x86.ActiveCfg = Release|x86
		{97D0194C-87BC-4026-A58D-B94D959C540A}.Release|x86.Build.0 = Release|x86
		{3CA09B84-C4FE-44D3-9322-B39BA56F3271}.Debug|Any CPU.ActiveCfg = Debug|Any CPU
		{3CA09B84-C4FE-44D3-9322-B39BA56F3271}.Debug|Any CPU.Build.0 = Debug|Any CPU
		{3CA09B84-C4FE-44D3-9322-B39BA56F3271}.Debug|ARM.ActiveCfg = Debug|ARM
		{3CA09B84-C4FE-44D3-9322-B39BA56F3271}.Debug|ARM.Build.0 = Debug|ARM
		{3CA09B84-C4FE-44D3-9322-B39BA56F3271}.Debug|x64.ActiveCfg = Debug|x64
		{3CA09B84-C4FE-44D3-9322-B39BA56F3271}.Debug|x64.Build.0 = Debug|x64
		{3CA09B84-C4FE-44D3-9322-B39BA56F3271}.Debug|x86.ActiveCfg = Debug|x86
		{3CA09B84-C4FE-44D3-9322-B39BA56F3271}.Debug|x86.Build.0 = Debug|x86
		{3CA09B84-C4FE-44D3-9322-B39BA56F3271}.Release|Any CPU.ActiveCfg = Release|Any CPU
		{3CA09B84-C4FE-44D3-9322-B39BA56F3271}.Release|Any CPU.Build.0 = Release|Any CPU
		{3CA09B84-C4FE-44D3-9322-B39BA56F3271}.Release|ARM.ActiveCfg = Release|ARM
		{3CA09B84-C4FE-44D3-9322-B39BA56F3271}.Release|ARM.Build.0 = Release|ARM
		{3CA09B84-C4FE-44D3-9322-B39BA56F3271}.Release|x64.ActiveCfg = Release|x64
		{3CA09B84-C4FE-44D3-9322-B39BA56F3271}.Release|x64.Build.0 = Release|x64
		{3CA09B84-C4FE-44D3-9322-B39BA56F3271}.Release|x86.ActiveCfg = Release|x86
		{3CA09B84-C4FE-44D3-9322-B39BA56F3271}.Release|x86.Build.0 = Release|x86
		{C0C815B1-2364-4920-AB74-8F3BCCE33A6C}.Debug|Any CPU.ActiveCfg = Debug|x86
		{C0C815B1-2364-4920-AB74-8F3BCCE33A6C}.Debug|Any CPU.Build.0 = Debug|x86
		{C0C815B1-2364-4920-AB74-8F3BCCE33A6C}.Debug|ARM.ActiveCfg = Debug|ARM
		{C0C815B1-2364-4920-AB74-8F3BCCE33A6C}.Debug|ARM.Build.0 = Debug|ARM
		{C0C815B1-2364-4920-AB74-8F3BCCE33A6C}.Debug|ARM.Deploy.0 = Debug|ARM
		{C0C815B1-2364-4920-AB74-8F3BCCE33A6C}.Debug|x64.ActiveCfg = Debug|x64
		{C0C815B1-2364-4920-AB74-8F3BCCE33A6C}.Debug|x64.Build.0 = Debug|x64
		{C0C815B1-2364-4920-AB74-8F3BCCE33A6C}.Debug|x64.Deploy.0 = Debug|x64
		{C0C815B1-2364-4920-AB74-8F3BCCE33A6C}.Debug|x86.ActiveCfg = Debug|x86
		{C0C815B1-2364-4920-AB74-8F3BCCE33A6C}.Debug|x86.Build.0 = Debug|x86
		{C0C815B1-2364-4920-AB74-8F3BCCE33A6C}.Debug|x86.Deploy.0 = Debug|x86
		{C0C815B1-2364-4920-AB74-8F3BCCE33A6C}.Release|Any CPU.ActiveCfg = Release|x86
		{C0C815B1-2364-4920-AB74-8F3BCCE33A6C}.Release|Any CPU.Build.0 = Release|x86
		{C0C815B1-2364-4920-AB74-8F3BCCE33A6C}.Release|ARM.ActiveCfg = Release|ARM
		{C0C815B1-2364-4920-AB74-8F3BCCE33A6C}.Release|ARM.Build.0 = Release|ARM
		{C0C815B1-2364-4920-AB74-8F3BCCE33A6C}.Release|ARM.Deploy.0 = Release|ARM
		{C0C815B1-2364-4920-AB74-8F3BCCE33A6C}.Release|x64.ActiveCfg = Release|x64
		{C0C815B1-2364-4920-AB74-8F3BCCE33A6C}.Release|x64.Build.0 = Release|x64
		{C0C815B1-2364-4920-AB74-8F3BCCE33A6C}.Release|x64.Deploy.0 = Release|x64
		{C0C815B1-2364-4920-AB74-8F3BCCE33A6C}.Release|x86.ActiveCfg = Release|x86
		{C0C815B1-2364-4920-AB74-8F3BCCE33A6C}.Release|x86.Build.0 = Release|x86
		{C0C815B1-2364-4920-AB74-8F3BCCE33A6C}.Release|x86.Deploy.0 = Release|x86
		{335E1699-84F6-4323-BF14-5A672919AD4B}.Debug|Any CPU.ActiveCfg = Debug|Any CPU
		{335E1699-84F6-4323-BF14-5A672919AD4B}.Debug|Any CPU.Build.0 = Debug|Any CPU
		{335E1699-84F6-4323-BF14-5A672919AD4B}.Debug|ARM.ActiveCfg = Debug|ARM
		{335E1699-84F6-4323-BF14-5A672919AD4B}.Debug|ARM.Build.0 = Debug|ARM
		{335E1699-84F6-4323-BF14-5A672919AD4B}.Debug|x64.ActiveCfg = Debug|x64
		{335E1699-84F6-4323-BF14-5A672919AD4B}.Debug|x64.Build.0 = Debug|x64
		{335E1699-84F6-4323-BF14-5A672919AD4B}.Debug|x86.ActiveCfg = Debug|x86
		{335E1699-84F6-4323-BF14-5A672919AD4B}.Debug|x86.Build.0 = Debug|x86
		{335E1699-84F6-4323-BF14-5A672919AD4B}.Release|Any CPU.ActiveCfg = Release|Any CPU
		{335E1699-84F6-4323-BF14-5A672919AD4B}.Release|Any CPU.Build.0 = Release|Any CPU
		{335E1699-84F6-4323-BF14-5A672919AD4B}.Release|ARM.ActiveCfg = Release|ARM
		{335E1699-84F6-4323-BF14-5A672919AD4B}.Release|ARM.Build.0 = Release|ARM
		{335E1699-84F6-4323-BF14-5A672919AD4B}.Release|x64.ActiveCfg = Release|x64
		{335E1699-84F6-4323-BF14-5A672919AD4B}.Release|x64.Build.0 = Release|x64
		{335E1699-84F6-4323-BF14-5A672919AD4B}.Release|x86.ActiveCfg = Release|x86
		{335E1699-84F6-4323-BF14-5A672919AD4B}.Release|x86.Build.0 = Release|x86
		{164AB07E-F8D3-4A98-8471-18480B0C56B9}.Debug|Any CPU.ActiveCfg = Debug|Any CPU
		{164AB07E-F8D3-4A98-8471-18480B0C56B9}.Debug|Any CPU.Build.0 = Debug|Any CPU
		{164AB07E-F8D3-4A98-8471-18480B0C56B9}.Debug|ARM.ActiveCfg = Debug|ARM
		{164AB07E-F8D3-4A98-8471-18480B0C56B9}.Debug|ARM.Build.0 = Debug|ARM
		{164AB07E-F8D3-4A98-8471-18480B0C56B9}.Debug|x64.ActiveCfg = Debug|x64
		{164AB07E-F8D3-4A98-8471-18480B0C56B9}.Debug|x64.Build.0 = Debug|x64
		{164AB07E-F8D3-4A98-8471-18480B0C56B9}.Debug|x86.ActiveCfg = Debug|x86
		{164AB07E-F8D3-4A98-8471-18480B0C56B9}.Debug|x86.Build.0 = Debug|x86
		{164AB07E-F8D3-4A98-8471-18480B0C56B9}.Release|Any CPU.ActiveCfg = Release|Any CPU
		{164AB07E-F8D3-4A98-8471-18480B0C56B9}.Release|Any CPU.Build.0 = Release|Any CPU
		{164AB07E-F8D3-4A98-8471-18480B0C56B9}.Release|ARM.ActiveCfg = Release|ARM
		{164AB07E-F8D3-4A98-8471-18480B0C56B9}.Release|ARM.Build.0 = Release|ARM
		{164AB07E-F8D3-4A98-8471-18480B0C56B9}.Release|x64.ActiveCfg = Release|x64
		{164AB07E-F8D3-4A98-8471-18480B0C56B9}.Release|x64.Build.0 = Release|x64
		{164AB07E-F8D3-4A98-8471-18480B0C56B9}.Release|x86.ActiveCfg = Release|x86
		{164AB07E-F8D3-4A98-8471-18480B0C56B9}.Release|x86.Build.0 = Release|x86
		{304363B6-D2C4-409F-8D53-855062C469FA}.Debug|Any CPU.ActiveCfg = Debug|Any CPU
		{304363B6-D2C4-409F-8D53-855062C469FA}.Debug|Any CPU.Build.0 = Debug|Any CPU
		{304363B6-D2C4-409F-8D53-855062C469FA}.Debug|ARM.ActiveCfg = Debug|ARM
		{304363B6-D2C4-409F-8D53-855062C469FA}.Debug|ARM.Build.0 = Debug|ARM
		{304363B6-D2C4-409F-8D53-855062C469FA}.Debug|x64.ActiveCfg = Debug|x64
		{304363B6-D2C4-409F-8D53-855062C469FA}.Debug|x64.Build.0 = Debug|x64
		{304363B6-D2C4-409F-8D53-855062C469FA}.Debug|x86.ActiveCfg = Debug|x86
		{304363B6-D2C4-409F-8D53-855062C469FA}.Debug|x86.Build.0 = Debug|x86
		{304363B6-D2C4-409F-8D53-855062C469FA}.Release|Any CPU.ActiveCfg = Release|Any CPU
		{304363B6-D2C4-409F-8D53-855062C469FA}.Release|Any CPU.Build.0 = Release|Any CPU
		{304363B6-D2C4-409F-8D53-855062C469FA}.Release|ARM.ActiveCfg = Release|ARM
		{304363B6-D2C4-409F-8D53-855062C469FA}.Release|ARM.Build.0 = Release|ARM
		{304363B6-D2C4-409F-8D53-855062C469FA}.Release|x64.ActiveCfg = Release|x64
		{304363B6-D2C4-409F-8D53-855062C469FA}.Release|x64.Build.0 = Release|x64
		{304363B6-D2C4-409F-8D53-855062C469FA}.Release|x86.ActiveCfg = Release|x86
		{304363B6-D2C4-409F-8D53-855062C469FA}.Release|x86.Build.0 = Release|x86
	EndGlobalSection
	GlobalSection(SolutionProperties) = preSolution
		HideSolutionNode = FALSE
	EndGlobalSection
	GlobalSection(NestedProjects) = preSolution
		{97D0194C-87BC-4026-A58D-B94D959C540A} = {DBC3D6BE-7DF8-4935-B5F9-9165C0688BBA}
		{3CA09B84-C4FE-44D3-9322-B39BA56F3271} = {DBC3D6BE-7DF8-4935-B5F9-9165C0688BBA}
		{335E1699-84F6-4323-BF14-5A672919AD4B} = {DBC3D6BE-7DF8-4935-B5F9-9165C0688BBA}
		{164AB07E-F8D3-4A98-8471-18480B0C56B9} = {DBC3D6BE-7DF8-4935-B5F9-9165C0688BBA}
	EndGlobalSection
EndGlobal
